// !$*UTF8*$!
{
	archiveVersion = 1;
	classes = {
	};
	objectVersion = 50;
	objects = {

/* Begin PBXBuildFile section */
		F21B48632253454A00404FCC /* AppDelegate.swift in Sources */ = {isa = PBXBuildFile; fileRef = F21B48622253454A00404FCC /* AppDelegate.swift */; };
		F21B48652253454A00404FCC /* WikipediaSearchViewController.swift in Sources */ = {isa = PBXBuildFile; fileRef = F21B48642253454A00404FCC /* WikipediaSearchViewController.swift */; };
		F21B48682253454A00404FCC /* Main.storyboard in Resources */ = {isa = PBXBuildFile; fileRef = F21B48662253454A00404FCC /* Main.storyboard */; };
		F21B486A2253454C00404FCC /* Assets.xcassets in Resources */ = {isa = PBXBuildFile; fileRef = F21B48692253454C00404FCC /* Assets.xcassets */; };
		F21B486D2253454C00404FCC /* LaunchScreen.storyboard in Resources */ = {isa = PBXBuildFile; fileRef = F21B486B2253454C00404FCC /* LaunchScreen.storyboard */; };
		F21B48772253496300404FCC /* RxSwift.framework in Frameworks */ = {isa = PBXBuildFile; fileRef = F21B48752253496300404FCC /* RxSwift.framework */; };
		F21B48782253496300404FCC /* RxCocoa.framework in Frameworks */ = {isa = PBXBuildFile; fileRef = F21B48762253496300404FCC /* RxCocoa.framework */; };
		F21B487B22534A1900404FCC /* WikipediaSearchViewModel.swift in Sources */ = {isa = PBXBuildFile; fileRef = F21B487A22534A1900404FCC /* WikipediaSearchViewModel.swift */; };
		F21B487D22534A7700404FCC /* WikipediaPage.swift in Sources */ = {isa = PBXBuildFile; fileRef = F21B487C22534A7700404FCC /* WikipediaPage.swift */; };
		F21B487F22534C3400404FCC /* WikipediaAPI.swift in Sources */ = {isa = PBXBuildFile; fileRef = F21B487E22534C3400404FCC /* WikipediaAPI.swift */; };
		F2271C4E225362490075729E /* ObservableTypeEx.swift in Sources */ = {isa = PBXBuildFile; fileRef = F2271C4D225362490075729E /* ObservableTypeEx.swift */; };
/* End PBXBuildFile section */

/* Begin PBXFileReference section */
		F21B485F2253454A00404FCC /* RxSwiftWikipedia.app */ = {isa = PBXFileReference; explicitFileType = wrapper.application; includeInIndex = 0; path = RxSwiftWikipedia.app; sourceTree = BUILT_PRODUCTS_DIR; };
		F21B48622253454A00404FCC /* AppDelegate.swift */ = {isa = PBXFileReference; lastKnownFileType = sourcecode.swift; path = AppDelegate.swift; sourceTree = "<group>"; };
		F21B48642253454A00404FCC /* WikipediaSearchViewController.swift */ = {isa = PBXFileReference; lastKnownFileType = sourcecode.swift; path = WikipediaSearchViewController.swift; sourceTree = "<group>"; };
		F21B48672253454A00404FCC /* Base */ = {isa = PBXFileReference; lastKnownFileType = file.storyboard; name = Base; path = Base.lproj/Main.storyboard; sourceTree = "<group>"; };
		F21B48692253454C00404FCC /* Assets.xcassets */ = {isa = PBXFileReference; lastKnownFileType = folder.assetcatalog; path = Assets.xcassets; sourceTree = "<group>"; };
		F21B486C2253454C00404FCC /* Base */ = {isa = PBXFileReference; lastKnownFileType = file.storyboard; name = Base; path = Base.lproj/LaunchScreen.storyboard; sourceTree = "<group>"; };
		F21B486E2253454C00404FCC /* Info.plist */ = {isa = PBXFileReference; lastKnownFileType = text.plist.xml; path = Info.plist; sourceTree = "<group>"; };
		F21B48752253496300404FCC /* RxSwift.framework */ = {isa = PBXFileReference; lastKnownFileType = wrapper.framework; name = RxSwift.framework; path = Carthage/Build/iOS/RxSwift.framework; sourceTree = "<group>"; };
		F21B48762253496300404FCC /* RxCocoa.framework */ = {isa = PBXFileReference; lastKnownFileType = wrapper.framework; name = RxCocoa.framework; path = Carthage/Build/iOS/RxCocoa.framework; sourceTree = "<group>"; };
		F21B487A22534A1900404FCC /* WikipediaSearchViewModel.swift */ = {isa = PBXFileReference; lastKnownFileType = sourcecode.swift; path = WikipediaSearchViewModel.swift; sourceTree = "<group>"; };
		F21B487C22534A7700404FCC /* WikipediaPage.swift */ = {isa = PBXFileReference; lastKnownFileType = sourcecode.swift; path = WikipediaPage.swift; sourceTree = "<group>"; };
		F21B487E22534C3400404FCC /* WikipediaAPI.swift */ = {isa = PBXFileReference; lastKnownFileType = sourcecode.swift; path = WikipediaAPI.swift; sourceTree = "<group>"; };
		F2271C4D225362490075729E /* ObservableTypeEx.swift */ = {isa = PBXFileReference; lastKnownFileType = sourcecode.swift; path = ObservableTypeEx.swift; sourceTree = "<group>"; };
/* End PBXFileReference section */

/* Begin PBXFrameworksBuildPhase section */
		F21B485C2253454A00404FCC /* Frameworks */ = {
			isa = PBXFrameworksBuildPhase;
			buildActionMask = 2147483647;
			files = (
				F21B48772253496300404FCC /* RxSwift.framework in Frameworks */,
				F21B48782253496300404FCC /* RxCocoa.framework in Frameworks */,
			);
			runOnlyForDeploymentPostprocessing = 0;
		};
/* End PBXFrameworksBuildPhase section */

/* Begin PBXGroup section */
		F21B48562253454A00404FCC = {
			isa = PBXGroup;
			children = (
				F21B48612253454A00404FCC /* RxSwiftWikipedia */,
				F21B48602253454A00404FCC /* Products */,
				F21B48742253496300404FCC /* Frameworks */,
			);
			sourceTree = "<group>";
		};
		F21B48602253454A00404FCC /* Products */ = {
			isa = PBXGroup;
			children = (
				F21B485F2253454A00404FCC /* RxSwiftWikipedia.app */,
			);
			name = Products;
			sourceTree = "<group>";
		};
		F21B48612253454A00404FCC /* RxSwiftWikipedia */ = {
			isa = PBXGroup;
			children = (
				F21B486E2253454C00404FCC /* Info.plist */,
				F21B48622253454A00404FCC /* AppDelegate.swift */,
				F2271C4D225362490075729E /* ObservableTypeEx.swift */,
				F21B487E22534C3400404FCC /* WikipediaAPI.swift */,
				F21B487C22534A7700404FCC /* WikipediaPage.swift */,
				F21B48642253454A00404FCC /* WikipediaSearchViewController.swift */,
				F21B487A22534A1900404FCC /* WikipediaSearchViewModel.swift */,
				F21B48692253454C00404FCC /* Assets.xcassets */,
				F21B486B2253454C00404FCC /* LaunchScreen.storyboard */,
				F21B48662253454A00404FCC /* Main.storyboard */,
			);
			path = RxSwiftWikipedia;
			sourceTree = "<group>";
		};
		F21B48742253496300404FCC /* Frameworks */ = {
			isa = PBXGroup;
			children = (
				F21B48762253496300404FCC /* RxCocoa.framework */,
				F21B48752253496300404FCC /* RxSwift.framework */,
			);
			name = Frameworks;
			sourceTree = "<group>";
		};
/* End PBXGroup section */

/* Begin PBXNativeTarget section */
		F21B485E2253454A00404FCC /* RxSwiftWikipedia */ = {
			isa = PBXNativeTarget;
			buildConfigurationList = F21B48712253454C00404FCC /* Build configuration list for PBXNativeTarget "RxSwiftWikipedia" */;
			buildPhases = (
				F21B485B2253454A00404FCC /* Sources */,
				F21B485C2253454A00404FCC /* Frameworks */,
				F21B485D2253454A00404FCC /* Resources */,
				F21B4879225349A000404FCC /* Carthage Run Script */,
			);
			buildRules = (
			);
			dependencies = (
			);
			name = RxSwiftWikipedia;
			productName = RxSwiftWikipedia;
			productReference = F21B485F2253454A00404FCC /* RxSwiftWikipedia.app */;
			productType = "com.apple.product-type.application";
		};
/* End PBXNativeTarget section */

/* Begin PBXProject section */
		F21B48572253454A00404FCC /* Project object */ = {
			isa = PBXProject;
			attributes = {
				LastSwiftUpdateCheck = 1010;
				LastUpgradeCheck = 1010;
				ORGANIZATIONNAME = "Yusuke Aono";
				TargetAttributes = {
					F21B485E2253454A00404FCC = {
						CreatedOnToolsVersion = 10.1;
					};
				};
			};
			buildConfigurationList = F21B485A2253454A00404FCC /* Build configuration list for PBXProject "RxSwiftWikipedia" */;
			compatibilityVersion = "Xcode 9.3";
			developmentRegion = en;
			hasScannedForEncodings = 0;
			knownRegions = (
				en,
				Base,
			);
			mainGroup = F21B48562253454A00404FCC;
			productRefGroup = F21B48602253454A00404FCC /* Products */;
			projectDirPath = "";
			projectRoot = "";
			targets = (
				F21B485E2253454A00404FCC /* RxSwiftWikipedia */,
			);
		};
/* End PBXProject section */

/* Begin PBXResourcesBuildPhase section */
		F21B485D2253454A00404FCC /* Resources */ = {
			isa = PBXResourcesBuildPhase;
			buildActionMask = 2147483647;
			files = (
				F21B486D2253454C00404FCC /* LaunchScreen.storyboard in Resources */,
				F21B486A2253454C00404FCC /* Assets.xcassets in Resources */,
				F21B48682253454A00404FCC /* Main.storyboard in Resources */,
			);
			runOnlyForDeploymentPostprocessing = 0;
		};
/* End PBXResourcesBuildPhase section */

/* Begin PBXShellScriptBuildPhase section */
		F21B4879225349A000404FCC /* Carthage Run Script */ = {
			isa = PBXShellScriptBuildPhase;
			buildActionMask = 2147483647;
			files = (
			);
			inputFileListPaths = (
			);
			inputPaths = (
				"$(SRCROOT)/Carthage/Build/iOS/RxSwift.framework",
				"$(SRCROOT)/Carthage/Build/iOS/RxCocoa.framework",
			);
			name = "Carthage Run Script";
			outputFileListPaths = (
			);
			outputPaths = (
			);
			runOnlyForDeploymentPostprocessing = 0;
			shellPath = /bin/sh;
			shellScript = "/usr/local/bin/carthage copy-frameworks\n";
		};
/* End PBXShellScriptBuildPhase section */

/* Begin PBXSourcesBuildPhase section */
		F21B485B2253454A00404FCC /* Sources */ = {
			isa = PBXSourcesBuildPhase;
			buildActionMask = 2147483647;
			files = (
				F2271C4E225362490075729E /* ObservableTypeEx.swift in Sources */,
				F21B48652253454A00404FCC /* WikipediaSearchViewController.swift in Sources */,
				F21B487B22534A1900404FCC /* WikipediaSearchViewModel.swift in Sources */,
				F21B487F22534C3400404FCC /* WikipediaAPI.swift in Sources */,
				F21B487D22534A7700404FCC /* WikipediaPage.swift in Sources */,
				F21B48632253454A00404FCC /* AppDelegate.swift in Sources */,
			);
			runOnlyForDeploymentPostprocessing = 0;
		};
/* End PBXSourcesBuildPhase section */

/* Begin PBXVariantGroup section */
		F21B48662253454A00404FCC /* Main.storyboard */ = {
			isa = PBXVariantGroup;
			children = (
				F21B48672253454A00404FCC /* Base */,
			);
			name = Main.storyboard;
			sourceTree = "<group>";
		};
		F21B486B2253454C00404FCC /* LaunchScreen.storyboard */ = {
			isa = PBXVariantGroup;
			children = (
				F21B486C2253454C00404FCC /* Base */,
			);
			name = LaunchScreen.storyboard;
			sourceTree = "<group>";
		};
/* End PBXVariantGroup section */

/* Begin XCBuildConfiguration section */
		F21B486F2253454C00404FCC /* Debug */ = {
			isa = XCBuildConfiguration;
			buildSettings = {
				ALWAYS_SEARCH_USER_PATHS = NO;
				CLANG_ANALYZER_NONNULL = YES;
				CLANG_ANALYZER_NUMBER_OBJECT_CONVERSION = YES_AGGRESSIVE;
				CLANG_CXX_LANGUAGE_STANDARD = "gnu++14";
				CLANG_CXX_LIBRARY = "libc++";
				CLANG_ENABLE_MODULES = YES;
				CLANG_ENABLE_OBJC_ARC = YES;
				CLANG_ENABLE_OBJC_WEAK = YES;
				CLANG_WARN_BLOCK_CAPTURE_AUTORELEASING = YES;
				CLANG_WARN_BOOL_CONVERSION = YES;
				CLANG_WARN_COMMA = YES;
				CLANG_WARN_CONSTANT_CONVERSION = YES;
				CLANG_WARN_DEPRECATED_OBJC_IMPLEMENTATIONS = YES;
				CLANG_WARN_DIRECT_OBJC_ISA_USAGE = YES_ERROR;
				CLANG_WARN_DOCUMENTATION_COMMENTS = YES;
				CLANG_WARN_EMPTY_BODY = YES;
				CLANG_WARN_ENUM_CONVERSION = YES;
				CLANG_WARN_INFINITE_RECURSION = YES;
				CLANG_WARN_INT_CONVERSION = YES;
				CLANG_WARN_NON_LITERAL_NULL_CONVERSION = YES;
				CLANG_WARN_OBJC_IMPLICIT_RETAIN_SELF = YES;
				CLANG_WARN_OBJC_LITERAL_CONVERSION = YES;
				CLANG_WARN_OBJC_ROOT_CLASS = YES_ERROR;
				CLANG_WARN_RANGE_LOOP_ANALYSIS = YES;
				CLANG_WARN_STRICT_PROTOTYPES = YES;
				CLANG_WARN_SUSPICIOUS_MOVE = YES;
				CLANG_WARN_UNGUARDED_AVAILABILITY = YES_AGGRESSIVE;
				CLANG_WARN_UNREACHABLE_CODE = YES;
				CLANG_WARN__DUPLICATE_METHOD_MATCH = YES;
				CODE_SIGN_IDENTITY = "iPhone Developer";
				COPY_PHASE_STRIP = NO;
				DEBUG_INFORMATION_FORMAT = dwarf;
				ENABLE_STRICT_OBJC_MSGSEND = YES;
				ENABLE_TESTABILITY = YES;
				GCC_C_LANGUAGE_STANDARD = gnu11;
				GCC_DYNAMIC_NO_PIC = NO;
				GCC_NO_COMMON_BLOCKS = YES;
				GCC_OPTIMIZATION_LEVEL = 0;
				GCC_PREPROCESSOR_DEFINITIONS = (
					"DEBUG=1",
					"$(inherited)",
				);
				GCC_WARN_64_TO_32_BIT_CONVERSION = YES;
				GCC_WARN_ABOUT_RETURN_TYPE = YES_ERROR;
				GCC_WARN_UNDECLARED_SELECTOR = YES;
				GCC_WARN_UNINITIALIZED_AUTOS = YES_AGGRESSIVE;
				GCC_WARN_UNUSED_FUNCTION = YES;
				GCC_WARN_UNUSED_VARIABLE = YES;
				IPHONEOS_DEPLOYMENT_TARGET = 12.1;
				MTL_ENABLE_DEBUG_INFO = INCLUDE_SOURCE;
				MTL_FAST_MATH = YES;
				ONLY_ACTIVE_ARCH = YES;
				SDKROOT = iphoneos;
				SWIFT_ACTIVE_COMPILATION_CONDITIONS = DEBUG;
				SWIFT_OPTIMIZATION_LEVEL = "-Onone";
			};
			name = Debug;
		};
		F21B48702253454C00404FCC /* Release */ = {
			isa = XCBuildConfiguration;
			buildSettings = {
				ALWAYS_SEARCH_USER_PATHS = NO;
				CLANG_ANALYZER_NONNULL = YES;
				CLANG_ANALYZER_NUMBER_OBJECT_CONVERSION = YES_AGGRESSIVE;
				CLANG_CXX_LANGUAGE_STANDARD = "gnu++14";
				CLANG_CXX_LIBRARY = "libc++";
				CLANG_ENABLE_MODULES = YES;
				CLANG_ENABLE_OBJC_ARC = YES;
				CLANG_ENABLE_OBJC_WEAK = YES;
				CLANG_WARN_BLOCK_CAPTURE_AUTORELEASING = YES;
				CLANG_WARN_BOOL_CONVERSION = YES;
				CLANG_WARN_COMMA = YES;
				CLANG_WARN_CONSTANT_CONVERSION = YES;
				CLANG_WARN_DEPRECATED_OBJC_IMPLEMENTATIONS = YES;
				CLANG_WARN_DIRECT_OBJC_ISA_USAGE = YES_ERROR;
				CLANG_WARN_DOCUMENTATION_COMMENTS = YES;
				CLANG_WARN_EMPTY_BODY = YES;
				CLANG_WARN_ENUM_CONVERSION = YES;
				CLANG_WARN_INFINITE_RECURSION = YES;
				CLANG_WARN_INT_CONVERSION = YES;
				CLANG_WARN_NON_LITERAL_NULL_CONVERSION = YES;
				CLANG_WARN_OBJC_IMPLICIT_RETAIN_SELF = YES;
				CLANG_WARN_OBJC_LITERAL_CONVERSION = YES;
				CLANG_WARN_OBJC_ROOT_CLASS = YES_ERROR;
				CLANG_WARN_RANGE_LOOP_ANALYSIS = YES;
				CLANG_WARN_STRICT_PROTOTYPES = YES;
				CLANG_WARN_SUSPICIOUS_MOVE = YES;
				CLANG_WARN_UNGUARDED_AVAILABILITY = YES_AGGRESSIVE;
				CLANG_WARN_UNREACHABLE_CODE = YES;
				CLANG_WARN__DUPLICATE_METHOD_MATCH = YES;
				CODE_SIGN_IDENTITY = "iPhone Developer";
				COPY_PHASE_STRIP = NO;
				DEBUG_INFORMATION_FORMAT = "dwarf-with-dsym";
				ENABLE_NS_ASSERTIONS = NO;
				ENABLE_STRICT_OBJC_MSGSEND = YES;
				GCC_C_LANGUAGE_STANDARD = gnu11;
				GCC_NO_COMMON_BLOCKS = YES;
				GCC_WARN_64_TO_32_BIT_CONVERSION = YES;
				GCC_WARN_ABOUT_RETURN_TYPE = YES_ERROR;
				GCC_WARN_UNDECLARED_SELECTOR = YES;
				GCC_WARN_UNINITIALIZED_AUTOS = YES_AGGRESSIVE;
				GCC_WARN_UNUSED_FUNCTION = YES;
				GCC_WARN_UNUSED_VARIABLE = YES;
				IPHONEOS_DEPLOYMENT_TARGET = 12.1;
				MTL_ENABLE_DEBUG_INFO = NO;
				MTL_FAST_MATH = YES;
				SDKROOT = iphoneos;
				SWIFT_COMPILATION_MODE = wholemodule;
				SWIFT_OPTIMIZATION_LEVEL = "-O";
				VALIDATE_PRODUCT = YES;
			};
			name = Release;
		};
		F21B48722253454C00404FCC /* Debug */ = {
			isa = XCBuildConfiguration;
			buildSettings = {
				ASSETCATALOG_COMPILER_APPICON_NAME = AppIcon;
				CODE_SIGN_STYLE = Automatic;
				DEVELOPMENT_TEAM = 8C9TZF26K4;
				FRAMEWORK_SEARCH_PATHS = (
					"$(inherited)",
					"$(PROJECT_DIR)/Carthage/Build/iOS",
				);
				INFOPLIST_FILE = RxSwiftWikipedia/Info.plist;
				LD_RUNPATH_SEARCH_PATHS = (
					"$(inherited)",
					"@executable_path/Frameworks",
				);
				PRODUCT_BUNDLE_IDENTIFIER = io.github.ysk1031.RxSwiftWikipedia;
				PRODUCT_NAME = "$(TARGET_NAME)";
				SWIFT_VERSION = 4.2;
				TARGETED_DEVICE_FAMILY = "1,2";
			};
			name = Debug;
		};
		F21B48732253454C00404FCC /* Release */ = {
			isa = XCBuildConfiguration;
			buildSettings = {
				ASSETCATALOG_COMPILER_APPICON_NAME = AppIcon;
				CODE_SIGN_STYLE = Automatic;
				DEVELOPMENT_TEAM = 8C9TZF26K4;
				FRAMEWORK_SEARCH_PATHS = (
					"$(inherited)",
					"$(PROJECT_DIR)/Carthage/Build/iOS",
				);
				INFOPLIST_FILE = RxSwiftWikipedia/Info.plist;
				LD_RUNPATH_SEARCH_PATHS = (
					"$(inherited)",
					"@executable_path/Frameworks",
				);
				PRODUCT_BUNDLE_IDENTIFIER = io.github.ysk1031.RxSwiftWikipedia;
				PRODUCT_NAME = "$(TARGET_NAME)";
				SWIFT_VERSION = 4.2;
				TARGETED_DEVICE_FAMILY = "1,2";
			};
			name = Release;
		};
/* End XCBuildConfiguration section */

/* Begin XCConfigurationList section */
		F21B485A2253454A00404FCC /* Build configuration list for PBXProject "RxSwiftWikipedia" */ = {
			isa = XCConfigurationList;
			buildConfigurations = (
				F21B486F2253454C00404FCC /* Debug */,
				F21B48702253454C00404FCC /* Release */,
			);
			defaultConfigurationIsVisible = 0;
			defaultConfigurationName = Release;
		};
		F21B48712253454C00404FCC /* Build configuration list for PBXNativeTarget "RxSwiftWikipedia" */ = {
			isa = XCConfigurationList;
			buildConfigurations = (
				F21B48722253454C00404FCC /* Debug */,
				F21B48732253454C00404FCC /* Release */,
			);
			defaultConfigurationIsVisible = 0;
			defaultConfigurationName = Release;
		};
/* End XCConfigurationList section */
	};
	rootObject = F21B48572253454A00404FCC /* Project object */;
}
